
Microsoft Visual Studio Solution File, Format Version 12.00
# Visual Studio Version 17
VisualStudioVersion = 17.8.34330.188
MinimumVisualStudioVersion = 10.0.40219.1
Project("{FAE04EC0-301F-11D3-BF4B-00C04F79EFBC}") = "Calculator", "Calculator\Calculator.csproj", "{94056702-C4FE-4493-A386-A6CEB62FD7EF}"
EndProject
Global
	GlobalSection(SolutionConfigurationPlatforms) = preSolution
		Debug|Any CPU = Debug|Any CPU
		Release|Any CPU = Release|Any CPU
	EndGlobalSection
	GlobalSection(ProjectConfigurationPlatforms) = postSolution
		{94056702-C4FE-4493-A386-A6CEB62FD7EF}.Debug|Any CPU.ActiveCfg = Debug|Any CPU
		{94056702-C4FE-4493-A386-A6CEB62FD7EF}.Debug|Any CPU.Build.0 = Debug|Any CPU
		{94056702-C4FE-4493-A386-A6CEB62FD7EF}.Release|Any CPU.ActiveCfg = Release|Any CPU
		{94056702-C4FE-4493-A386-A6CEB62FD7EF}.Release|Any CPU.Build.0 = Release|Any CPU
	EndGlobalSection
	GlobalSection(SolutionProperties) = preSolution
		HideSolutionNode = FALSE
	EndGlobalSection
	GlobalSection(ExtensibilityGlobals) = postSolution
		SolutionGuid = {7A25CA2F-7A65-4EFD-B505-832885CC4685}
	EndGlobalSection
EndGlobal
